// !$*UTF8*$!
{
	archiveVersion = 1;
	classes = {
	};
	objectVersion = 50;
	objects = {

/* Begin PBXBuildFile section */
		ABDD02AE2533AD22006BAD4E /* AppDelegate.swift in Sources */ = {isa = PBXBuildFile; fileRef = ABDD02AD2533AD22006BAD4E /* AppDelegate.swift */; };
		ABDD02B02533AD22006BAD4E /* SceneDelegate.swift in Sources */ = {isa = PBXBuildFile; fileRef = ABDD02AF2533AD22006BAD4E /* SceneDelegate.swift */; };
		ABDD02B72533AD24006BAD4E /* Assets.xcassets in Resources */ = {isa = PBXBuildFile; fileRef = ABDD02B62533AD24006BAD4E /* Assets.xcassets */; };
		ABDD02BA2533AD24006BAD4E /* LaunchScreen.storyboard in Resources */ = {isa = PBXBuildFile; fileRef = ABDD02B82533AD24006BAD4E /* LaunchScreen.storyboard */; };
		ABDD02CE2533AEC2006BAD4E /* OnboardingViewController.swift in Sources */ = {isa = PBXBuildFile; fileRef = ABDD02C82533AEC2006BAD4E /* OnboardingViewController.swift */; };
		ABDD02CF2533AEC2006BAD4E /* OnboardingPresentable.swift in Sources */ = {isa = PBXBuildFile; fileRef = ABDD02C92533AEC2006BAD4E /* OnboardingPresentable.swift */; };
		ABDD02D02533AEC2006BAD4E /* OnboardingViewConfiguration.swift in Sources */ = {isa = PBXBuildFile; fileRef = ABDD02CA2533AEC2006BAD4E /* OnboardingViewConfiguration.swift */; };
		ABDD02D12533AEC2006BAD4E /* OnboardingVCFactory.swift in Sources */ = {isa = PBXBuildFile; fileRef = ABDD02CB2533AEC2006BAD4E /* OnboardingVCFactory.swift */; };
		ABDD02D82533AF9E006BAD4E /* Extensions.swift in Sources */ = {isa = PBXBuildFile; fileRef = ABDD02D72533AF9E006BAD4E /* Extensions.swift */; };
		ABDD02DB2533B041006BAD4E /* LocationManager.swift in Sources */ = {isa = PBXBuildFile; fileRef = ABDD02DA2533B041006BAD4E /* LocationManager.swift */; };
		ABDD02E52533BBC5006BAD4E /* Onboarding.storyboard in Resources */ = {isa = PBXBuildFile; fileRef = ABDD02C72533AEC2006BAD4E /* Onboarding.storyboard */; };
/* End PBXBuildFile section */

/* Begin PBXFileReference section */
		ABDD02AA2533AD22006BAD4E /* OnboardingExampleUIKit.app */ = {isa = PBXFileReference; explicitFileType = wrapper.application; includeInIndex = 0; path = OnboardingExampleUIKit.app; sourceTree = BUILT_PRODUCTS_DIR; };
		ABDD02AD2533AD22006BAD4E /* AppDelegate.swift */ = {isa = PBXFileReference; lastKnownFileType = sourcecode.swift; path = AppDelegate.swift; sourceTree = "<group>"; };
		ABDD02AF2533AD22006BAD4E /* SceneDelegate.swift */ = {isa = PBXFileReference; lastKnownFileType = sourcecode.swift; path = SceneDelegate.swift; sourceTree = "<group>"; };
		ABDD02B62533AD24006BAD4E /* Assets.xcassets */ = {isa = PBXFileReference; lastKnownFileType = folder.assetcatalog; path = Assets.xcassets; sourceTree = "<group>"; };
		ABDD02B92533AD24006BAD4E /* Base */ = {isa = PBXFileReference; lastKnownFileType = file.storyboard; name = Base; path = Base.lproj/LaunchScreen.storyboard; sourceTree = "<group>"; };
		ABDD02BB2533AD24006BAD4E /* Info.plist */ = {isa = PBXFileReference; lastKnownFileType = text.plist.xml; path = Info.plist; sourceTree = "<group>"; };
		ABDD02C72533AEC2006BAD4E /* Onboarding.storyboard */ = {isa = PBXFileReference; fileEncoding = 4; lastKnownFileType = file.storyboard; path = Onboarding.storyboard; sourceTree = "<group>"; };
		ABDD02C82533AEC2006BAD4E /* OnboardingViewController.swift */ = {isa = PBXFileReference; fileEncoding = 4; lastKnownFileType = sourcecode.swift; path = OnboardingViewController.swift; sourceTree = "<group>"; };
		ABDD02C92533AEC2006BAD4E /* OnboardingPresentable.swift */ = {isa = PBXFileReference; fileEncoding = 4; lastKnownFileType = sourcecode.swift; path = OnboardingPresentable.swift; sourceTree = "<group>"; };
		ABDD02CA2533AEC2006BAD4E /* OnboardingViewConfiguration.swift */ = {isa = PBXFileReference; fileEncoding = 4; lastKnownFileType = sourcecode.swift; path = OnboardingViewConfiguration.swift; sourceTree = "<group>"; };
		ABDD02CB2533AEC2006BAD4E /* OnboardingVCFactory.swift */ = {isa = PBXFileReference; fileEncoding = 4; lastKnownFileType = sourcecode.swift; path = OnboardingVCFactory.swift; sourceTree = "<group>"; };
		ABDD02D72533AF9E006BAD4E /* Extensions.swift */ = {isa = PBXFileReference; lastKnownFileType = sourcecode.swift; path = Extensions.swift; sourceTree = "<group>"; };
		ABDD02DA2533B041006BAD4E /* LocationManager.swift */ = {isa = PBXFileReference; lastKnownFileType = sourcecode.swift; path = LocationManager.swift; sourceTree = "<group>"; };
/* End PBXFileReference section */

/* Begin PBXFrameworksBuildPhase section */
		ABDD02A72533AD22006BAD4E /* Frameworks */ = {
			isa = PBXFrameworksBuildPhase;
			buildActionMask = 2147483647;
			files = (
			);
			runOnlyForDeploymentPostprocessing = 0;
		};
/* End PBXFrameworksBuildPhase section */

/* Begin PBXGroup section */
		ABDD02A12533AD22006BAD4E = {
			isa = PBXGroup;
			children = (
				ABDD02AC2533AD22006BAD4E /* OnboardingExampleUIKit */,
				ABDD02AB2533AD22006BAD4E /* Products */,
			);
			sourceTree = "<group>";
		};
		ABDD02AB2533AD22006BAD4E /* Products */ = {
			isa = PBXGroup;
			children = (
				ABDD02AA2533AD22006BAD4E /* OnboardingExampleUIKit.app */,
			);
			name = Products;
			sourceTree = "<group>";
		};
		ABDD02AC2533AD22006BAD4E /* OnboardingExampleUIKit */ = {
			isa = PBXGroup;
			children = (
				ABDD02D62533AF8A006BAD4E /* Helpers */,
				ABDD02C62533AEC2006BAD4E /* Onboarding */,
				ABDD02AD2533AD22006BAD4E /* AppDelegate.swift */,
				ABDD02AF2533AD22006BAD4E /* SceneDelegate.swift */,
				ABDD02B62533AD24006BAD4E /* Assets.xcassets */,
				ABDD02B82533AD24006BAD4E /* LaunchScreen.storyboard */,
				ABDD02BB2533AD24006BAD4E /* Info.plist */,
				ABDD02DA2533B041006BAD4E /* LocationManager.swift */,
			);
			path = OnboardingExampleUIKit;
			sourceTree = "<group>";
		};
		ABDD02C62533AEC2006BAD4E /* Onboarding */ = {
			isa = PBXGroup;
			children = (
				ABDD02C72533AEC2006BAD4E /* Onboarding.storyboard */,
				ABDD02C82533AEC2006BAD4E /* OnboardingViewController.swift */,
				ABDD02C92533AEC2006BAD4E /* OnboardingPresentable.swift */,
				ABDD02CA2533AEC2006BAD4E /* OnboardingViewConfiguration.swift */,
				ABDD02CB2533AEC2006BAD4E /* OnboardingVCFactory.swift */,
			);
			path = Onboarding;
			sourceTree = "<group>";
		};
		ABDD02D62533AF8A006BAD4E /* Helpers */ = {
			isa = PBXGroup;
			children = (
				ABDD02D72533AF9E006BAD4E /* Extensions.swift */,
			);
			path = Helpers;
			sourceTree = "<group>";
		};
/* End PBXGroup section */

/* Begin PBXNativeTarget section */
		ABDD02A92533AD22006BAD4E /* OnboardingExampleUIKit */ = {
			isa = PBXNativeTarget;
			buildConfigurationList = ABDD02BE2533AD24006BAD4E /* Build configuration list for PBXNativeTarget "OnboardingExampleUIKit" */;
			buildPhases = (
				ABDD02A62533AD22006BAD4E /* Sources */,
				ABDD02A72533AD22006BAD4E /* Frameworks */,
				ABDD02A82533AD22006BAD4E /* Resources */,
			);
			buildRules = (
			);
			dependencies = (
			);
			name = OnboardingExampleUIKit;
			productName = OnboardingExampleUIKit;
			productReference = ABDD02AA2533AD22006BAD4E /* OnboardingExampleUIKit.app */;
			productType = "com.apple.product-type.application";
		};
/* End PBXNativeTarget section */

/* Begin PBXProject section */
		ABDD02A22533AD22006BAD4E /* Project object */ = {
			isa = PBXProject;
			attributes = {
				LastSwiftUpdateCheck = 1200;
				LastUpgradeCheck = 1200;
				TargetAttributes = {
					ABDD02A92533AD22006BAD4E = {
						CreatedOnToolsVersion = 12.0.1;
					};
				};
			};
			buildConfigurationList = ABDD02A52533AD22006BAD4E /* Build configuration list for PBXProject "OnboardingExampleUIKit" */;
			compatibilityVersion = "Xcode 9.3";
			developmentRegion = en;
			hasScannedForEncodings = 0;
			knownRegions = (
				en,
				Base,
			);
			mainGroup = ABDD02A12533AD22006BAD4E;
			productRefGroup = ABDD02AB2533AD22006BAD4E /* Products */;
			projectDirPath = "";
			projectRoot = "";
			targets = (
				ABDD02A92533AD22006BAD4E /* OnboardingExampleUIKit */,
			);
		};
/* End PBXProject section */

/* Begin PBXResourcesBuildPhase section */
		ABDD02A82533AD22006BAD4E /* Resources */ = {
			isa = PBXResourcesBuildPhase;
			buildActionMask = 2147483647;
			files = (
				ABDD02BA2533AD24006BAD4E /* LaunchScreen.storyboard in Resources */,
				ABDD02B72533AD24006BAD4E /* Assets.xcassets in Resources */,
				ABDD02E52533BBC5006BAD4E /* Onboarding.storyboard in Resources */,
			);
			runOnlyForDeploymentPostprocessing = 0;
		};
/* End PBXResourcesBuildPhase section */

/* Begin PBXSourcesBuildPhase section */
		ABDD02A62533AD22006BAD4E /* Sources */ = {
			isa = PBXSourcesBuildPhase;
			buildActionMask = 2147483647;
			files = (
				ABDD02D12533AEC2006BAD4E /* OnboardingVCFactory.swift in Sources */,
				ABDD02D82533AF9E006BAD4E /* Extensions.swift in Sources */,
				ABDD02DB2533B041006BAD4E /* LocationManager.swift in Sources */,
				ABDD02AE2533AD22006BAD4E /* AppDelegate.swift in Sources */,
				ABDD02D02533AEC2006BAD4E /* OnboardingViewConfiguration.swift in Sources */,
				ABDD02B02533AD22006BAD4E /* SceneDelegate.swift in Sources */,
				ABDD02CF2533AEC2006BAD4E /* OnboardingPresentable.swift in Sources */,
				ABDD02CE2533AEC2006BAD4E /* OnboardingViewController.swift in Sources */,
			);
			runOnlyForDeploymentPostprocessing = 0;
		};
/* End PBXSourcesBuildPhase section */

/* Begin PBXVariantGroup section */
		ABDD02B82533AD24006BAD4E /* LaunchScreen.storyboard */ = {
			isa = PBXVariantGroup;
			children = (
				ABDD02B92533AD24006BAD4E /* Base */,
			);
			name = LaunchScreen.storyboard;
			sourceTree = "<group>";
		};
/* End PBXVariantGroup section */

/* Begin XCBuildConfiguration section */
		ABDD02BC2533AD24006BAD4E /* Debug */ = {
			isa = XCBuildConfiguration;
			buildSettings = {
				ALWAYS_SEARCH_USER_PATHS = NO;
				CLANG_ANALYZER_NONNULL = YES;
				CLANG_ANALYZER_NUMBER_OBJECT_CONVERSION = YES_AGGRESSIVE;
				CLANG_CXX_LANGUAGE_STANDARD = "gnu++14";
				CLANG_CXX_LIBRARY = "libc++";
				CLANG_ENABLE_MODULES = YES;
				CLANG_ENABLE_OBJC_ARC = YES;
				CLANG_ENABLE_OBJC_WEAK = YES;
				CLANG_WARN_BLOCK_CAPTURE_AUTORELEASING = YES;
				CLANG_WARN_BOOL_CONVERSION = YES;
				CLANG_WARN_COMMA = YES;
				CLANG_WARN_CONSTANT_CONVERSION = YES;
				CLANG_WARN_DEPRECATED_OBJC_IMPLEMENTATIONS = YES;
				CLANG_WARN_DIRECT_OBJC_ISA_USAGE = YES_ERROR;
				CLANG_WARN_DOCUMENTATION_COMMENTS = YES;
				CLANG_WARN_EMPTY_BODY = YES;
				CLANG_WARN_ENUM_CONVERSION = YES;
				CLANG_WARN_INFINITE_RECURSION = YES;
				CLANG_WARN_INT_CONVERSION = YES;
				CLANG_WARN_NON_LITERAL_NULL_CONVERSION = YES;
				CLANG_WARN_OBJC_IMPLICIT_RETAIN_SELF = YES;
				CLANG_WARN_OBJC_LITERAL_CONVERSION = YES;
				CLANG_WARN_OBJC_ROOT_CLASS = YES_ERROR;
				CLANG_WARN_QUOTED_INCLUDE_IN_FRAMEWORK_HEADER = YES;
				CLANG_WARN_RANGE_LOOP_ANALYSIS = YES;
				CLANG_WARN_STRICT_PROTOTYPES = YES;
				CLANG_WARN_SUSPICIOUS_MOVE = YES;
				CLANG_WARN_UNGUARDED_AVAILABILITY = YES_AGGRESSIVE;
				CLANG_WARN_UNREACHABLE_CODE = YES;
				CLANG_WARN__DUPLICATE_METHOD_MATCH = YES;
				COPY_PHASE_STRIP = NO;
				DEBUG_INFORMATION_FORMAT = dwarf;
				ENABLE_STRICT_OBJC_MSGSEND = YES;
				ENABLE_TESTABILITY = YES;
				GCC_C_LANGUAGE_STANDARD = gnu11;
				GCC_DYNAMIC_NO_PIC = NO;
				GCC_NO_COMMON_BLOCKS = YES;
				GCC_OPTIMIZATION_LEVEL = 0;
				GCC_PREPROCESSOR_DEFINITIONS = (
					"DEBUG=1",
					"$(inherited)",
				);
				GCC_WARN_64_TO_32_BIT_CONVERSION = YES;
				GCC_WARN_ABOUT_RETURN_TYPE = YES_ERROR;
				GCC_WARN_UNDECLARED_SELECTOR = YES;
				GCC_WARN_UNINITIALIZED_AUTOS = YES_AGGRESSIVE;
				GCC_WARN_UNUSED_FUNCTION = YES;
				GCC_WARN_UNUSED_VARIABLE = YES;
				IPHONEOS_DEPLOYMENT_TARGET = 14.0;
				MTL_ENABLE_DEBUG_INFO = INCLUDE_SOURCE;
				MTL_FAST_MATH = YES;
				ONLY_ACTIVE_ARCH = YES;
				SDKROOT = iphoneos;
				SWIFT_ACTIVE_COMPILATION_CONDITIONS = DEBUG;
				SWIFT_OPTIMIZATION_LEVEL = "-Onone";
			};
			name = Debug;
		};
		ABDD02BD2533AD24006BAD4E /* Release */ = {
			isa = XCBuildConfiguration;
			buildSettings = {
				ALWAYS_SEARCH_USER_PATHS = NO;
				CLANG_ANALYZER_NONNULL = YES;
				CLANG_ANALYZER_NUMBER_OBJECT_CONVERSION = YES_AGGRESSIVE;
				CLANG_CXX_LANGUAGE_STANDARD = "gnu++14";
				CLANG_CXX_LIBRARY = "libc++";
				CLANG_ENABLE_MODULES = YES;
				CLANG_ENABLE_OBJC_ARC = YES;
				CLANG_ENABLE_OBJC_WEAK = YES;
				CLANG_WARN_BLOCK_CAPTURE_AUTORELEASING = YES;
				CLANG_WARN_BOOL_CONVERSION = YES;
				CLANG_WARN_COMMA = YES;
				CLANG_WARN_CONSTANT_CONVERSION = YES;
				CLANG_WARN_DEPRECATED_OBJC_IMPLEMENTATIONS = YES;
				CLANG_WARN_DIRECT_OBJC_ISA_USAGE = YES_ERROR;
				CLANG_WARN_DOCUMENTATION_COMMENTS = YES;
				CLANG_WARN_EMPTY_BODY = YES;
				CLANG_WARN_ENUM_CONVERSION = YES;
				CLANG_WARN_INFINITE_RECURSION = YES;
				CLANG_WARN_INT_CONVERSION = YES;
				CLANG_WARN_NON_LITERAL_NULL_CONVERSION = YES;
				CLANG_WARN_OBJC_IMPLICIT_RETAIN_SELF = YES;
				CLANG_WARN_OBJC_LITERAL_CONVERSION = YES;
				CLANG_WARN_OBJC_ROOT_CLASS = YES_ERROR;
				CLANG_WARN_QUOTED_INCLUDE_IN_FRAMEWORK_HEADER = YES;
				CLANG_WARN_RANGE_LOOP_ANALYSIS = YES;
				CLANG_WARN_STRICT_PROTOTYPES = YES;
				CLANG_WARN_SUSPICIOUS_MOVE = YES;
				CLANG_WARN_UNGUARDED_AVAILABILITY = YES_AGGRESSIVE;
				CLANG_WARN_UNREACHABLE_CODE = YES;
				CLANG_WARN__DUPLICATE_METHOD_MATCH = YES;
				COPY_PHASE_STRIP = NO;
				DEBUG_INFORMATION_FORMAT = "dwarf-with-dsym";
				ENABLE_NS_ASSERTIONS = NO;
				ENABLE_STRICT_OBJC_MSGSEND = YES;
				GCC_C_LANGUAGE_STANDARD = gnu11;
				GCC_NO_COMMON_BLOCKS = YES;
				GCC_WARN_64_TO_32_BIT_CONVERSION = YES;
				GCC_WARN_ABOUT_RETURN_TYPE = YES_ERROR;
				GCC_WARN_UNDECLARED_SELECTOR = YES;
				GCC_WARN_UNINITIALIZED_AUTOS = YES_AGGRESSIVE;
				GCC_WARN_UNUSED_FUNCTION = YES;
				GCC_WARN_UNUSED_VARIABLE = YES;
				IPHONEOS_DEPLOYMENT_TARGET = 14.0;
				MTL_ENABLE_DEBUG_INFO = NO;
				MTL_FAST_MATH = YES;
				SDKROOT = iphoneos;
				SWIFT_COMPILATION_MODE = wholemodule;
				SWIFT_OPTIMIZATION_LEVEL = "-O";
				VALIDATE_PRODUCT = YES;
			};
			name = Release;
		};
		ABDD02BF2533AD24006BAD4E /* Debug */ = {
			isa = XCBuildConfiguration;
			buildSettings = {
				ASSETCATALOG_COMPILER_APPICON_NAME = AppIcon;
				ASSETCATALOG_COMPILER_GLOBAL_ACCENT_COLOR_NAME = AccentColor;
				CODE_SIGN_STYLE = Automatic;
				DEVELOPMENT_TEAM = MBDF9Z8ZCX;
				INFOPLIST_FILE = OnboardingExampleUIKit/Info.plist;
				LD_RUNPATH_SEARCH_PATHS = (
					"$(inherited)",
					"@executable_path/Frameworks",
				);
				PRODUCT_BUNDLE_IDENTIFIER = "com.Dane-Thomas.OnboardingExampleUIKit";
				PRODUCT_NAME = "$(TARGET_NAME)";
				SWIFT_VERSION = 5.0;
				TARGETED_DEVICE_FAMILY = 1;
			};
			name = Debug;
		};
		ABDD02C02533AD24006BAD4E /* Release */ = {
			isa = XCBuildConfiguration;
			buildSettings = {
				ASSETCATALOG_COMPILER_APPICON_NAME = AppIcon;
				ASSETCATALOG_COMPILER_GLOBAL_ACCENT_COLOR_NAME = AccentColor;
				CODE_SIGN_STYLE = Automatic;
				DEVELOPMENT_TEAM = MBDF9Z8ZCX;
				INFOPLIST_FILE = OnboardingExampleUIKit/Info.plist;
				LD_RUNPATH_SEARCH_PATHS = (
					"$(inherited)",
					"@executable_path/Frameworks",
				);
				PRODUCT_BUNDLE_IDENTIFIER = "com.Dane-Thomas.OnboardingExampleUIKit";
				PRODUCT_NAME = "$(TARGET_NAME)";
				SWIFT_VERSION = 5.0;
				TARGETED_DEVICE_FAMILY = 1;
			};
			name = Release;
		};
/* End XCBuildConfiguration section */

/* Begin XCConfigurationList section */
		ABDD02A52533AD22006BAD4E /* Build configuration list for PBXProject "OnboardingExampleUIKit" */ = {
			isa = XCConfigurationList;
			buildConfigurations = (
				ABDD02BC2533AD24006BAD4E /* Debug */,
				ABDD02BD2533AD24006BAD4E /* Release */,
			);
			defaultConfigurationIsVisible = 0;
			defaultConfigurationName = Release;
		};
		ABDD02BE2533AD24006BAD4E /* Build configuration list for PBXNativeTarget "OnboardingExampleUIKit" */ = {
			isa = XCConfigurationList;
			buildConfigurations = (
				ABDD02BF2533AD24006BAD4E /* Debug */,
				ABDD02C02533AD24006BAD4E /* Release */,
			);
			defaultConfigurationIsVisible = 0;
			defaultConfigurationName = Release;
		};
/* End XCConfigurationList section */
	};
	rootObject = ABDD02A22533AD22006BAD4E /* Project object */;
}
